
Microsoft Visual Studio Solution File, Format Version 12.00
# Visual Studio 15
VisualStudioVersion = 15.0.27130.2036
MinimumVisualStudioVersion = 10.0.40219.1
Project("{8BC9CEB8-8B4A-11D0-8D11-00A0C91BC942}") = "Bootstrap", "bootstrap\Bootstrap.vcxproj", "{AF59BB0B-E059-4773-83DC-728A949647DA}"
EndProject
Project("{8BC9CEB8-8B4A-11D0-8D11-00A0C91BC942}") = "Project2D", "Project2D\Project2D.vcxproj", "{3F428D0C-1CC8-47C3-818A-A3C2972C74C9}"
	ProjectSection(ProjectDependencies) = postProject
		{AF59BB0B-E059-4773-83DC-728A949647DA} = {AF59BB0B-E059-4773-83DC-728A949647DA}
	EndProjectSection
EndProject
Project("{8BC9CEB8-8B4A-11D0-8D11-00A0C91BC942}") = "Project3D", "Project3D\Project3D.vcxproj", "{EA21C4DF-E331-4FCF-8513-14A3F56B77F3}"
	ProjectSection(ProjectDependencies) = postProject
		{AF59BB0B-E059-4773-83DC-728A949647DA} = {AF59BB0B-E059-4773-83DC-728A949647DA}
	EndProjectSection
EndProject
Project("{8BC9CEB8-8B4A-11D0-8D11-00A0C91BC942}") = "CamerasAndProjections", "CamerasAndProjections\CamerasAndProjections.vcxproj", "{DEA49362-B428-4215-8D64-4EA0B4FF0858}"
	ProjectSection(ProjectDependencies) = postProject
		{AF59BB0B-E059-4773-83DC-728A949647DA} = {AF59BB0B-E059-4773-83DC-728A949647DA}
	EndProjectSection
EndProject
Project("{8BC9CEB8-8B4A-11D0-8D11-00A0C91BC942}") = "IntroToRendering", "IntroToRendering\IntroToRendering.vcxproj", "{714AF340-1AA8-4338-91D4-1E55AE0274E6}"
EndProject
Project("{8BC9CEB8-8B4A-11D0-8D11-00A0C91BC942}") = "Lighting", "Lighting\Lighting.vcxproj", "{56AEB489-AAD9-4593-838C-314A6DDCD10B}"
	ProjectSection(ProjectDependencies) = postProject
		{AF59BB0B-E059-4773-83DC-728A949647DA} = {AF59BB0B-E059-4773-83DC-728A949647DA}
	EndProjectSection
EndProject
Project("{8BC9CEB8-8B4A-11D0-8D11-00A0C91BC942}") = "MaterialsAndTextures", "MaterialsAndTextures\MaterialsAndTextures.vcxproj", "{AAB037C0-5E13-458C-9F1E-40091C39E1B7}"
	ProjectSection(ProjectDependencies) = postProject
		{AF59BB0B-E059-4773-83DC-728A949647DA} = {AF59BB0B-E059-4773-83DC-728A949647DA}
	EndProjectSection
EndProject
Project("{8BC9CEB8-8B4A-11D0-8D11-00A0C91BC942}") = "RenderingGeometry", "RenderingGeometry\RenderingGeometry.vcxproj", "{5F5F4C52-E6A0-437E-AEF8-4D057BF6F1B5}"
	ProjectSection(ProjectDependencies) = postProject
		{AF59BB0B-E059-4773-83DC-728A949647DA} = {AF59BB0B-E059-4773-83DC-728A949647DA}
	EndProjectSection
EndProject
Project("{8BC9CEB8-8B4A-11D0-8D11-00A0C91BC942}") = "RenderTargetsAndPostProcessing", "RenderTargetsAndPostProcessing\RenderTargetsAndPostProcessing.vcxproj", "{E67D0BFF-3524-4F2E-AEFC-B32B1CF73D3D}"
	ProjectSection(ProjectDependencies) = postProject
		{AF59BB0B-E059-4773-83DC-728A949647DA} = {AF59BB0B-E059-4773-83DC-728A949647DA}
	EndProjectSection
EndProject
Global
	GlobalSection(SolutionConfigurationPlatforms) = preSolution
		Debug|x64 = Debug|x64
		Debug|x86 = Debug|x86
		Release|x64 = Release|x64
		Release|x86 = Release|x86
	EndGlobalSection
	GlobalSection(ProjectConfigurationPlatforms) = postSolution
		{AF59BB0B-E059-4773-83DC-728A949647DA}.Debug|x64.ActiveCfg = Debug|x64
		{AF59BB0B-E059-4773-83DC-728A949647DA}.Debug|x64.Build.0 = Debug|x64
		{AF59BB0B-E059-4773-83DC-728A949647DA}.Debug|x86.ActiveCfg = Debug|Win32
		{AF59BB0B-E059-4773-83DC-728A949647DA}.Debug|x86.Build.0 = Debug|Win32
		{AF59BB0B-E059-4773-83DC-728A949647DA}.Release|x64.ActiveCfg = Release|x64
		{AF59BB0B-E059-4773-83DC-728A949647DA}.Release|x64.Build.0 = Release|x64
		{AF59BB0B-E059-4773-83DC-728A949647DA}.Release|x86.ActiveCfg = Release|Win32
		{AF59BB0B-E059-4773-83DC-728A949647DA}.Release|x86.Build.0 = Release|Win32
		{3F428D0C-1CC8-47C3-818A-A3C2972C74C9}.Debug|x64.ActiveCfg = Debug|x64
		{3F428D0C-1CC8-47C3-818A-A3C2972C74C9}.Debug|x64.Build.0 = Debug|x64
		{3F428D0C-1CC8-47C3-818A-A3C2972C74C9}.Debug|x86.ActiveCfg = Debug|Win32
		{3F428D0C-1CC8-47C3-818A-A3C2972C74C9}.Debug|x86.Build.0 = Debug|Win32
		{3F428D0C-1CC8-47C3-818A-A3C2972C74C9}.Release|x64.ActiveCfg = Release|x64
		{3F428D0C-1CC8-47C3-818A-A3C2972C74C9}.Release|x64.Build.0 = Release|x64
		{3F428D0C-1CC8-47C3-818A-A3C2972C74C9}.Release|x86.ActiveCfg = Release|Win32
		{3F428D0C-1CC8-47C3-818A-A3C2972C74C9}.Release|x86.Build.0 = Release|Win32
		{EA21C4DF-E331-4FCF-8513-14A3F56B77F3}.Debug|x64.ActiveCfg = Debug|x64
		{EA21C4DF-E331-4FCF-8513-14A3F56B77F3}.Debug|x64.Build.0 = Debug|x64
		{EA21C4DF-E331-4FCF-8513-14A3F56B77F3}.Debug|x86.ActiveCfg = Debug|Win32
		{EA21C4DF-E331-4FCF-8513-14A3F56B77F3}.Debug|x86.Build.0 = Debug|Win32
		{EA21C4DF-E331-4FCF-8513-14A3F56B77F3}.Release|x64.ActiveCfg = Release|x64
		{EA21C4DF-E331-4FCF-8513-14A3F56B77F3}.Release|x64.Build.0 = Release|x64
		{EA21C4DF-E331-4FCF-8513-14A3F56B77F3}.Release|x86.ActiveCfg = Release|Win32
		{EA21C4DF-E331-4FCF-8513-14A3F56B77F3}.Release|x86.Build.0 = Release|Win32
		{DEA49362-B428-4215-8D64-4EA0B4FF0858}.Debug|x64.ActiveCfg = Debug|x64
		{DEA49362-B428-4215-8D64-4EA0B4FF0858}.Debug|x64.Build.0 = Debug|x64
		{DEA49362-B428-4215-8D64-4EA0B4FF0858}.Debug|x86.ActiveCfg = Debug|Win32
		{DEA49362-B428-4215-8D64-4EA0B4FF0858}.Debug|x86.Build.0 = Debug|Win32
		{DEA49362-B428-4215-8D64-4EA0B4FF0858}.Release|x64.ActiveCfg = Release|x64
		{DEA49362-B428-4215-8D64-4EA0B4FF0858}.Release|x64.Build.0 = Release|x64
		{DEA49362-B428-4215-8D64-4EA0B4FF0858}.Release|x86.ActiveCfg = Release|Win32
		{DEA49362-B428-4215-8D64-4EA0B4FF0858}.Release|x86.Build.0 = Release|Win32
		{714AF340-1AA8-4338-91D4-1E55AE0274E6}.Debug|x64.ActiveCfg = Debug|x64
		{714AF340-1AA8-4338-91D4-1E55AE0274E6}.Debug|x64.Build.0 = Debug|x64
		{714AF340-1AA8-4338-91D4-1E55AE0274E6}.Debug|x86.ActiveCfg = Debug|Win32
		{714AF340-1AA8-4338-91D4-1E55AE0274E6}.Debug|x86.Build.0 = Debug|Win32
		{714AF340-1AA8-4338-91D4-1E55AE0274E6}.Release|x64.ActiveCfg = Release|x64
		{714AF340-1AA8-4338-91D4-1E55AE0274E6}.Release|x64.Build.0 = Release|x64
		{714AF340-1AA8-4338-91D4-1E55AE0274E6}.Release|x86.ActiveCfg = Release|Win32
		{714AF340-1AA8-4338-91D4-1E55AE0274E6}.Release|x86.Build.0 = Release|Win32
		{56AEB489-AAD9-4593-838C-314A6DDCD10B}.Debug|x64.ActiveCfg = Debug|x64
		{56AEB489-AAD9-4593-838C-314A6DDCD10B}.Debug|x64.Build.0 = Debug|x64
		{56AEB489-AAD9-4593-838C-314A6DDCD10B}.Debug|x86.ActiveCfg = Debug|Win32
		{56AEB489-AAD9-4593-838C-314A6DDCD10B}.Debug|x86.Build.0 = Debug|Win32
		{56AEB489-AAD9-4593-838C-314A6DDCD10B}.Release|x64.ActiveCfg = Release|x64
		{56AEB489-AAD9-4593-838C-314A6DDCD10B}.Release|x64.Build.0 = Release|x64
		{56AEB489-AAD9-4593-838C-314A6DDCD10B}.Release|x86.ActiveCfg = Release|Win32
		{56AEB489-AAD9-4593-838C-314A6DDCD10B}.Release|x86.Build.0 = Release|Win32
		{AAB037C0-5E13-458C-9F1E-40091C39E1B7}.Debug|x64.ActiveCfg = Debug|x64
		{AAB037C0-5E13-458C-9F1E-40091C39E1B7}.Debug|x64.Build.0 = Debug|x64
		{AAB037C0-5E13-458C-9F1E-40091C39E1B7}.Debug|x86.ActiveCfg = Debug|Win32
		{AAB037C0-5E13-458C-9F1E-40091C39E1B7}.Debug|x86.Build.0 = Debug|Win32
		{AAB037C0-5E13-458C-9F1E-40091C39E1B7}.Release|x64.ActiveCfg = Release|x64
		{AAB037C0-5E13-458C-9F1E-40091C39E1B7}.Release|x64.Build.0 = Release|x64
		{AAB037C0-5E13-458C-9F1E-40091C39E1B7}.Release|x86.ActiveCfg = Release|Win32
		{AAB037C0-5E13-458C-9F1E-40091C39E1B7}.Release|x86.Build.0 = Release|Win32
		{5F5F4C52-E6A0-437E-AEF8-4D057BF6F1B5}.Debug|x64.ActiveCfg = Debug|x64
		{5F5F4C52-E6A0-437E-AEF8-4D057BF6F1B5}.Debug|x64.Build.0 = Debug|x64
		{5F5F4C52-E6A0-437E-AEF8-4D057BF6F1B5}.Debug|x86.ActiveCfg = Debug|Win32
		{5F5F4C52-E6A0-437E-AEF8-4D057BF6F1B5}.Debug|x86.Build.0 = Debug|Win32
		{5F5F4C52-E6A0-437E-AEF8-4D057BF6F1B5}.Release|x64.ActiveCfg = Release|x64
		{5F5F4C52-E6A0-437E-AEF8-4D057BF6F1B5}.Release|x64.Build.0 = Release|x64
		{5F5F4C52-E6A0-437E-AEF8-4D057BF6F1B5}.Release|x86.ActiveCfg = Release|Win32
		{5F5F4C52-E6A0-437E-AEF8-4D057BF6F1B5}.Release|x86.Build.0 = Release|Win32
		{E67D0BFF-3524-4F2E-AEFC-B32B1CF73D3D}.Debug|x64.ActiveCfg = Debug|x64
		{E67D0BFF-3524-4F2E-AEFC-B32B1CF73D3D}.Debug|x64.Build.0 = Debug|x64
		{E67D0BFF-3524-4F2E-AEFC-B32B1CF73D3D}.Debug|x86.ActiveCfg = Debug|Win32
		{E67D0BFF-3524-4F2E-AEFC-B32B1CF73D3D}.Debug|x86.Build.0 = Debug|Win32
		{E67D0BFF-3524-4F2E-AEFC-B32B1CF73D3D}.Release|x64.ActiveCfg = Release|x64
		{E67D0BFF-3524-4F2E-AEFC-B32B1CF73D3D}.Release|x64.Build.0 = Release|x64
		{E67D0BFF-3524-4F2E-AEFC-B32B1CF73D3D}.Release|x86.ActiveCfg = Release|Win32
		{E67D0BFF-3524-4F2E-AEFC-B32B1CF73D3D}.Release|x86.Build.0 = Release|Win32
	EndGlobalSection
	GlobalSection(SolutionProperties) = preSolution
		HideSolutionNode = FALSE
	EndGlobalSection
	GlobalSection(ExtensibilityGlobals) = postSolution
		SolutionGuid = {6DDFFFC8-DA80-4B91-BA86-BFD86DD331DA}
	EndGlobalSection
EndGlobal
